
Microsoft Visual Studio Solution File, Format Version 12.00
# Visual Studio Version 17
VisualStudioVersion = 17.4.33403.182
MinimumVisualStudioVersion = 10.0.40219.1
Project("{2150E333-8FDC-42A3-9474-1A3956D46DE8}") = "01. Clients", "01. Clients", "{B8927866-4CD7-4130-83B5-709C3BF4A66B}"
EndProject
Project("{2150E333-8FDC-42A3-9474-1A3956D46DE8}") = "02. Api.Gateways", "02. Api.Gateways", "{E012C6D0-CEEA-4617-A631-A31B99D8A257}"
EndProject
Project("{2150E333-8FDC-42A3-9474-1A3956D46DE8}") = "03. Services", "03. Services", "{8BF6AD9F-E76A-470C-A847-2725CA3913BD}"
EndProject
Project("{2150E333-8FDC-42A3-9474-1A3956D46DE8}") = "01. Identity", "01. Identity", "{8F1F77DE-1E77-4614-B629-2796ADE46FBE}"
EndProject
Project("{2150E333-8FDC-42A3-9474-1A3956D46DE8}") = "02. Catalog", "02. Catalog", "{EADF3602-5F86-4860-BD92-343FFDECA820}"
EndProject
Project("{2150E333-8FDC-42A3-9474-1A3956D46DE8}") = "03. Customer", "03. Customer", "{74CE6593-784E-4E85-A30E-D3FADCF636E4}"
EndProject
Project("{2150E333-8FDC-42A3-9474-1A3956D46DE8}") = "04. Order", "04. Order", "{D83D363E-0339-4882-9C31-4DD5827B5638}"
EndProject
Project("{9A19103F-16F7-4668-BE54-9A1E7A4F7556}") = "Catalog.Api", "src\Services\Catalog\Catalog.Api\Catalog.Api.csproj", "{8A67BB83-EC7B-40FD-9BF4-9D62B9868C5B}"
EndProject
Project("{2150E333-8FDC-42A3-9474-1A3956D46DE8}") = "04. Common", "04. Common", "{20256765-2EC8-4141-84FE-52234D50EB1D}"
EndProject
Project("{2150E333-8FDC-42A3-9474-1A3956D46DE8}") = "05. Common", "05. Common", "{8D6549D1-C9E7-40AF-9F2E-64487E62D4CA}"
EndProject
Project("{2150E333-8FDC-42A3-9474-1A3956D46DE8}") = "01.API", "01.API", "{4780E783-F332-4608-B5F5-E453C4916FC7}"
EndProject
Project("{2150E333-8FDC-42A3-9474-1A3956D46DE8}") = "02. Services", "02. Services", "{7A805AE8-F79B-4B66-95AC-0C17C803F20C}"
EndProject
Project("{2150E333-8FDC-42A3-9474-1A3956D46DE8}") = "05. Model", "05. Model", "{1B043629-5D0E-43F0-99C5-8C0DD8BE6CAC}"
EndProject
Project("{2150E333-8FDC-42A3-9474-1A3956D46DE8}") = "04. Persistence", "04. Persistence", "{F0C764DF-E3A6-4E84-8213-CB7B9905D8E7}"
EndProject
Project("{2150E333-8FDC-42A3-9474-1A3956D46DE8}") = "06. Common", "06. Common", "{6A34520D-81C8-4D35-A34A-E2B25FEF1184}"
EndProject
Project("{9A19103F-16F7-4668-BE54-9A1E7A4F7556}") = "Catalog.Service.EventHandlers", "src\Services\Catalog\Catalog.Service.EventHandlers\Catalog.Service.EventHandlers.csproj", "{213BA73D-C460-41A7-9508-09A0D1EE3A7C}"
EndProject
Project("{9A19103F-16F7-4668-BE54-9A1E7A4F7556}") = "Catalog.Service.Queries", "src\Services\Catalog\Catalog.Service.Queries\Catalog.Service.Queries.csproj", "{B5AD2EF1-C723-42E5-A7CF-29400D7C859F}"
EndProject
Project("{9A19103F-16F7-4668-BE54-9A1E7A4F7556}") = "Catalog.Persistence.Database", "src\Services\Catalog\Catalog.Persistence.Database\Catalog.Persistence.Database.csproj", "{23D62C23-7097-4EC9-A4B0-DA0F043BA7F1}"
EndProject
Project("{9A19103F-16F7-4668-BE54-9A1E7A4F7556}") = "Catalog.Domain", "src\Services\Catalog\Catalog.Domain\Catalog.Domain.csproj", "{557A6B85-D46E-4496-8ACB-B1AA9F0548FD}"
EndProject
Project("{9A19103F-16F7-4668-BE54-9A1E7A4F7556}") = "Catalog.Common", "src\Services\Catalog\Catalog.Common\Catalog.Common.csproj", "{E012FE93-30A0-4C8F-B9EB-8DFF169D50C9}"
EndProject
Project("{9A19103F-16F7-4668-BE54-9A1E7A4F7556}") = "Common.Logging", "src\Common\Common.Logging\Common.Logging.csproj", "{3E0F4BAF-DCB9-4C0B-A07E-089D64D36FD5}"
EndProject
Project("{9A19103F-16F7-4668-BE54-9A1E7A4F7556}") = "Service.Common.Collection", "src\Services\Service.Common.Collection\Service.Common.Collection.csproj", "{F1D1C45C-6EB8-475F-B59E-FA731D785597}"
EndProject
Project("{9A19103F-16F7-4668-BE54-9A1E7A4F7556}") = "Service.Common.Mapping", "src\Services\Service.Common.Mapping\Service.Common.Mapping.csproj", "{F84648E7-3E19-4311-8D6E-CE385F70E4D3}"
EndProject
Project("{9A19103F-16F7-4668-BE54-9A1E7A4F7556}") = "Service.Common.Paging", "src\Services\Service.Common.Paging\Service.Common.Paging.csproj", "{9AA61560-AC33-47FB-B6F1-3D9332397574}"
EndProject
Project("{2150E333-8FDC-42A3-9474-1A3956D46DE8}") = "07. Testing", "07. Testing", "{06634D54-C8A3-4A49-B58F-0F92E51CF265}"
EndProject
Project("{9A19103F-16F7-4668-BE54-9A1E7A4F7556}") = "Catalog.Tests", "src\Services\Catalog\Catalog.Tests\Catalog.Tests.csproj", "{686052AA-C8E6-4899-B3CF-9DD768214BFD}"
EndProject
Project("{2150E333-8FDC-42A3-9474-1A3956D46DE8}") = "01. API", "01. API", "{03A35184-31F3-49CB-B707-89AFF0DFABA9}"
EndProject
Project("{2150E333-8FDC-42A3-9474-1A3956D46DE8}") = "02. Services", "02. Services", "{BA452B13-3CAC-441F-8369-8F3F31A98F0D}"
EndProject
Project("{2150E333-8FDC-42A3-9474-1A3956D46DE8}") = "03. Persistence", "03. Persistence", "{CA05F417-EF2D-43AB-946E-96E01455094B}"
EndProject
Project("{2150E333-8FDC-42A3-9474-1A3956D46DE8}") = "04. Model", "04. Model", "{966523A0-31D6-49EF-A6DD-34A5694AB95C}"
EndProject
Project("{9A19103F-16F7-4668-BE54-9A1E7A4F7556}") = "Customer.Api", "src\Services\Customer\Customer.Api\Customer.Api.csproj", "{6E2BDB42-C725-448C-B9D9-0191C585DEF7}"
EndProject
Project("{9A19103F-16F7-4668-BE54-9A1E7A4F7556}") = "Customer.Service.EventHandlers", "src\Services\Customer\Customer.Service.EventHandlers\Customer.Service.EventHandlers.csproj", "{7AF9CCAD-C68E-44F0-AC02-3C808EC47329}"
EndProject
Project("{9A19103F-16F7-4668-BE54-9A1E7A4F7556}") = "Customer.Service.Queries", "src\Services\Customer\Customer.Service.Queries\Customer.Service.Queries.csproj", "{11BA14A1-CCAE-4867-B6A7-91CD259FF18D}"
EndProject
Project("{9A19103F-16F7-4668-BE54-9A1E7A4F7556}") = "Customer.Persistence.Database", "src\Services\Customer\Customer.Persistence.Database\Customer.Persistence.Database.csproj", "{E3E9A768-BEFB-45A2-BFF4-0762CDD52887}"
EndProject
Project("{9A19103F-16F7-4668-BE54-9A1E7A4F7556}") = "Customer.Domain", "src\Services\Customer\Customer.Domain\Customer.Domain.csproj", "{99864863-0DF7-4CB3-8861-1C94C0B7515F}"
EndProject
Project("{2150E333-8FDC-42A3-9474-1A3956D46DE8}") = "01. API", "01. API", "{4EB2952B-4365-4BD4-8245-F6898BD681EC}"
EndProject
Project("{2150E333-8FDC-42A3-9474-1A3956D46DE8}") = "02. Services", "02. Services", "{CC53C44E-93E3-47FF-B413-42566DCFE06E}"
EndProject
Project("{2150E333-8FDC-42A3-9474-1A3956D46DE8}") = "03. Persistence", "03. Persistence", "{E7CAC752-6D03-4E6F-9B63-F713B145A4A1}"
EndProject
Project("{2150E333-8FDC-42A3-9474-1A3956D46DE8}") = "04. Models", "04. Models", "{A41754A8-F2F4-4318-B1DA-AD859E953855}"
EndProject
Project("{2150E333-8FDC-42A3-9474-1A3956D46DE8}") = "05. Common", "05. Common", "{EEEE9FE0-265F-4496-B07F-3BE662815DBC}"
EndProject
Project("{9A19103F-16F7-4668-BE54-9A1E7A4F7556}") = "Order.Api", "src\Services\Order\Order.Api\Order.Api.csproj", "{EA9E6E8B-21E9-4376-A3E4-E80755E16ABA}"
EndProject
Project("{9A19103F-16F7-4668-BE54-9A1E7A4F7556}") = "Order.Service.EventHandlers", "src\Services\Order\Order.Service.EventHandlers\Order.Service.EventHandlers.csproj", "{3D53DA2A-DD77-4A78-A221-4CFE52673E62}"
EndProject
Project("{9A19103F-16F7-4668-BE54-9A1E7A4F7556}") = "Order.Service.Proxies", "src\Services\Order\Order.Service.Proxies\Order.Service.Proxies.csproj", "{6F86A3F2-7694-4F1E-A222-17BEF5219666}"
EndProject
Project("{9A19103F-16F7-4668-BE54-9A1E7A4F7556}") = "Order.Service.Queries", "src\Services\Order\Order.Service.Queries\Order.Service.Queries.csproj", "{8A7BB00B-7703-4D64-B5C1-DEFC36053732}"
EndProject
Project("{9A19103F-16F7-4668-BE54-9A1E7A4F7556}") = "Order.Persistence.Database", "src\Services\Order\Order.Persistence.Database\Order.Persistence.Database.csproj", "{437259AC-DE00-45ED-A9EE-E7724223612E}"
EndProject
Project("{9A19103F-16F7-4668-BE54-9A1E7A4F7556}") = "Order.Domain", "src\Services\Order\Order.Domain\Order.Domain.csproj", "{13EE9A19-7945-46BA-9CB0-A0F8A71D288D}"
EndProject
Project("{9A19103F-16F7-4668-BE54-9A1E7A4F7556}") = "Order.Common", "src\Services\Order\Order.Common\Order.Common.csproj", "{DFCD0144-2997-4AB5-B9A1-92B590E3D306}"
EndProject
Project("{2150E333-8FDC-42A3-9474-1A3956D46DE8}") = "03. Listeners", "03. Listeners", "{39A4087A-C2D2-42E7-A607-51535899C106}"
EndProject
Project("{9A19103F-16F7-4668-BE54-9A1E7A4F7556}") = "Catalog.Listener", "src\Services\Catalog\Catalog.Listener\Catalog.Listener.csproj", "{98C1A231-5464-4A02-B049-410EC4AFD761}"
EndProject
Project("{FAE04EC0-301F-11D3-BF4B-00C04F79EFBC}") = "ServiceBusProvider", "src\Common\ServiceBusProvider\ServiceBusProvider.csproj", "{9547E98C-EAB9-42C1-A5CF-24A3D9317035}"
EndProject
Global
	GlobalSection(SolutionConfigurationPlatforms) = preSolution
		Debug|Any CPU = Debug|Any CPU
		Release|Any CPU = Release|Any CPU
	EndGlobalSection
	GlobalSection(ProjectConfigurationPlatforms) = postSolution
		{8A67BB83-EC7B-40FD-9BF4-9D62B9868C5B}.Debug|Any CPU.ActiveCfg = Debug|Any CPU
		{8A67BB83-EC7B-40FD-9BF4-9D62B9868C5B}.Debug|Any CPU.Build.0 = Debug|Any CPU
		{8A67BB83-EC7B-40FD-9BF4-9D62B9868C5B}.Release|Any CPU.ActiveCfg = Release|Any CPU
		{8A67BB83-EC7B-40FD-9BF4-9D62B9868C5B}.Release|Any CPU.Build.0 = Release|Any CPU
		{213BA73D-C460-41A7-9508-09A0D1EE3A7C}.Debug|Any CPU.ActiveCfg = Debug|Any CPU
		{213BA73D-C460-41A7-9508-09A0D1EE3A7C}.Debug|Any CPU.Build.0 = Debug|Any CPU
		{213BA73D-C460-41A7-9508-09A0D1EE3A7C}.Release|Any CPU.ActiveCfg = Release|Any CPU
		{213BA73D-C460-41A7-9508-09A0D1EE3A7C}.Release|Any CPU.Build.0 = Release|Any CPU
		{B5AD2EF1-C723-42E5-A7CF-29400D7C859F}.Debug|Any CPU.ActiveCfg = Debug|Any CPU
		{B5AD2EF1-C723-42E5-A7CF-29400D7C859F}.Debug|Any CPU.Build.0 = Debug|Any CPU
		{B5AD2EF1-C723-42E5-A7CF-29400D7C859F}.Release|Any CPU.ActiveCfg = Release|Any CPU
		{B5AD2EF1-C723-42E5-A7CF-29400D7C859F}.Release|Any CPU.Build.0 = Release|Any CPU
		{23D62C23-7097-4EC9-A4B0-DA0F043BA7F1}.Debug|Any CPU.ActiveCfg = Debug|Any CPU
		{23D62C23-7097-4EC9-A4B0-DA0F043BA7F1}.Debug|Any CPU.Build.0 = Debug|Any CPU
		{23D62C23-7097-4EC9-A4B0-DA0F043BA7F1}.Release|Any CPU.ActiveCfg = Release|Any CPU
		{23D62C23-7097-4EC9-A4B0-DA0F043BA7F1}.Release|Any CPU.Build.0 = Release|Any CPU
		{557A6B85-D46E-4496-8ACB-B1AA9F0548FD}.Debug|Any CPU.ActiveCfg = Debug|Any CPU
		{557A6B85-D46E-4496-8ACB-B1AA9F0548FD}.Debug|Any CPU.Build.0 = Debug|Any CPU
		{557A6B85-D46E-4496-8ACB-B1AA9F0548FD}.Release|Any CPU.ActiveCfg = Release|Any CPU
		{557A6B85-D46E-4496-8ACB-B1AA9F0548FD}.Release|Any CPU.Build.0 = Release|Any CPU
		{E012FE93-30A0-4C8F-B9EB-8DFF169D50C9}.Debug|Any CPU.ActiveCfg = Debug|Any CPU
		{E012FE93-30A0-4C8F-B9EB-8DFF169D50C9}.Debug|Any CPU.Build.0 = Debug|Any CPU
		{E012FE93-30A0-4C8F-B9EB-8DFF169D50C9}.Release|Any CPU.ActiveCfg = Release|Any CPU
		{E012FE93-30A0-4C8F-B9EB-8DFF169D50C9}.Release|Any CPU.Build.0 = Release|Any CPU
		{3E0F4BAF-DCB9-4C0B-A07E-089D64D36FD5}.Debug|Any CPU.ActiveCfg = Debug|Any CPU
		{3E0F4BAF-DCB9-4C0B-A07E-089D64D36FD5}.Debug|Any CPU.Build.0 = Debug|Any CPU
		{3E0F4BAF-DCB9-4C0B-A07E-089D64D36FD5}.Release|Any CPU.ActiveCfg = Release|Any CPU
		{3E0F4BAF-DCB9-4C0B-A07E-089D64D36FD5}.Release|Any CPU.Build.0 = Release|Any CPU
		{F1D1C45C-6EB8-475F-B59E-FA731D785597}.Debug|Any CPU.ActiveCfg = Debug|Any CPU
		{F1D1C45C-6EB8-475F-B59E-FA731D785597}.Debug|Any CPU.Build.0 = Debug|Any CPU
		{F1D1C45C-6EB8-475F-B59E-FA731D785597}.Release|Any CPU.ActiveCfg = Release|Any CPU
		{F1D1C45C-6EB8-475F-B59E-FA731D785597}.Release|Any CPU.Build.0 = Release|Any CPU
		{F84648E7-3E19-4311-8D6E-CE385F70E4D3}.Debug|Any CPU.ActiveCfg = Debug|Any CPU
		{F84648E7-3E19-4311-8D6E-CE385F70E4D3}.Debug|Any CPU.Build.0 = Debug|Any CPU
		{F84648E7-3E19-4311-8D6E-CE385F70E4D3}.Release|Any CPU.ActiveCfg = Release|Any CPU
		{F84648E7-3E19-4311-8D6E-CE385F70E4D3}.Release|Any CPU.Build.0 = Release|Any CPU
		{9AA61560-AC33-47FB-B6F1-3D9332397574}.Debug|Any CPU.ActiveCfg = Debug|Any CPU
		{9AA61560-AC33-47FB-B6F1-3D9332397574}.Debug|Any CPU.Build.0 = Debug|Any CPU
		{9AA61560-AC33-47FB-B6F1-3D9332397574}.Release|Any CPU.ActiveCfg = Release|Any CPU
		{9AA61560-AC33-47FB-B6F1-3D9332397574}.Release|Any CPU.Build.0 = Release|Any CPU
		{686052AA-C8E6-4899-B3CF-9DD768214BFD}.Debug|Any CPU.ActiveCfg = Debug|Any CPU
		{686052AA-C8E6-4899-B3CF-9DD768214BFD}.Debug|Any CPU.Build.0 = Debug|Any CPU
		{686052AA-C8E6-4899-B3CF-9DD768214BFD}.Release|Any CPU.ActiveCfg = Release|Any CPU
		{686052AA-C8E6-4899-B3CF-9DD768214BFD}.Release|Any CPU.Build.0 = Release|Any CPU
		{6E2BDB42-C725-448C-B9D9-0191C585DEF7}.Debug|Any CPU.ActiveCfg = Debug|Any CPU
		{6E2BDB42-C725-448C-B9D9-0191C585DEF7}.Debug|Any CPU.Build.0 = Debug|Any CPU
		{6E2BDB42-C725-448C-B9D9-0191C585DEF7}.Release|Any CPU.ActiveCfg = Release|Any CPU
		{6E2BDB42-C725-448C-B9D9-0191C585DEF7}.Release|Any CPU.Build.0 = Release|Any CPU
		{7AF9CCAD-C68E-44F0-AC02-3C808EC47329}.Debug|Any CPU.ActiveCfg = Debug|Any CPU
		{7AF9CCAD-C68E-44F0-AC02-3C808EC47329}.Debug|Any CPU.Build.0 = Debug|Any CPU
		{7AF9CCAD-C68E-44F0-AC02-3C808EC47329}.Release|Any CPU.ActiveCfg = Release|Any CPU
		{7AF9CCAD-C68E-44F0-AC02-3C808EC47329}.Release|Any CPU.Build.0 = Release|Any CPU
		{11BA14A1-CCAE-4867-B6A7-91CD259FF18D}.Debug|Any CPU.ActiveCfg = Debug|Any CPU
		{11BA14A1-CCAE-4867-B6A7-91CD259FF18D}.Debug|Any CPU.Build.0 = Debug|Any CPU
		{11BA14A1-CCAE-4867-B6A7-91CD259FF18D}.Release|Any CPU.ActiveCfg = Release|Any CPU
		{11BA14A1-CCAE-4867-B6A7-91CD259FF18D}.Release|Any CPU.Build.0 = Release|Any CPU
		{E3E9A768-BEFB-45A2-BFF4-0762CDD52887}.Debug|Any CPU.ActiveCfg = Debug|Any CPU
		{E3E9A768-BEFB-45A2-BFF4-0762CDD52887}.Debug|Any CPU.Build.0 = Debug|Any CPU
		{E3E9A768-BEFB-45A2-BFF4-0762CDD52887}.Release|Any CPU.ActiveCfg = Release|Any CPU
		{E3E9A768-BEFB-45A2-BFF4-0762CDD52887}.Release|Any CPU.Build.0 = Release|Any CPU
		{99864863-0DF7-4CB3-8861-1C94C0B7515F}.Debug|Any CPU.ActiveCfg = Debug|Any CPU
		{99864863-0DF7-4CB3-8861-1C94C0B7515F}.Debug|Any CPU.Build.0 = Debug|Any CPU
		{99864863-0DF7-4CB3-8861-1C94C0B7515F}.Release|Any CPU.ActiveCfg = Release|Any CPU
		{99864863-0DF7-4CB3-8861-1C94C0B7515F}.Release|Any CPU.Build.0 = Release|Any CPU
		{EA9E6E8B-21E9-4376-A3E4-E80755E16ABA}.Debug|Any CPU.ActiveCfg = Debug|Any CPU
		{EA9E6E8B-21E9-4376-A3E4-E80755E16ABA}.Debug|Any CPU.Build.0 = Debug|Any CPU
		{EA9E6E8B-21E9-4376-A3E4-E80755E16ABA}.Release|Any CPU.ActiveCfg = Release|Any CPU
		{EA9E6E8B-21E9-4376-A3E4-E80755E16ABA}.Release|Any CPU.Build.0 = Release|Any CPU
		{3D53DA2A-DD77-4A78-A221-4CFE52673E62}.Debug|Any CPU.ActiveCfg = Debug|Any CPU
		{3D53DA2A-DD77-4A78-A221-4CFE52673E62}.Debug|Any CPU.Build.0 = Debug|Any CPU
		{3D53DA2A-DD77-4A78-A221-4CFE52673E62}.Release|Any CPU.ActiveCfg = Release|Any CPU
		{3D53DA2A-DD77-4A78-A221-4CFE52673E62}.Release|Any CPU.Build.0 = Release|Any CPU
		{6F86A3F2-7694-4F1E-A222-17BEF5219666}.Debug|Any CPU.ActiveCfg = Debug|Any CPU
		{6F86A3F2-7694-4F1E-A222-17BEF5219666}.Debug|Any CPU.Build.0 = Debug|Any CPU
		{6F86A3F2-7694-4F1E-A222-17BEF5219666}.Release|Any CPU.ActiveCfg = Release|Any CPU
		{6F86A3F2-7694-4F1E-A222-17BEF5219666}.Release|Any CPU.Build.0 = Release|Any CPU
		{8A7BB00B-7703-4D64-B5C1-DEFC36053732}.Debug|Any CPU.ActiveCfg = Debug|Any CPU
		{8A7BB00B-7703-4D64-B5C1-DEFC36053732}.Debug|Any CPU.Build.0 = Debug|Any CPU
		{8A7BB00B-7703-4D64-B5C1-DEFC36053732}.Release|Any CPU.ActiveCfg = Release|Any CPU
		{8A7BB00B-7703-4D64-B5C1-DEFC36053732}.Release|Any CPU.Build.0 = Release|Any CPU
		{437259AC-DE00-45ED-A9EE-E7724223612E}.Debug|Any CPU.ActiveCfg = Debug|Any CPU
		{437259AC-DE00-45ED-A9EE-E7724223612E}.Debug|Any CPU.Build.0 = Debug|Any CPU
		{437259AC-DE00-45ED-A9EE-E7724223612E}.Release|Any CPU.ActiveCfg = Release|Any CPU
		{437259AC-DE00-45ED-A9EE-E7724223612E}.Release|Any CPU.Build.0 = Release|Any CPU
		{13EE9A19-7945-46BA-9CB0-A0F8A71D288D}.Debug|Any CPU.ActiveCfg = Debug|Any CPU
		{13EE9A19-7945-46BA-9CB0-A0F8A71D288D}.Debug|Any CPU.Build.0 = Debug|Any CPU
		{13EE9A19-7945-46BA-9CB0-A0F8A71D288D}.Release|Any CPU.ActiveCfg = Release|Any CPU
		{13EE9A19-7945-46BA-9CB0-A0F8A71D288D}.Release|Any CPU.Build.0 = Release|Any CPU
		{DFCD0144-2997-4AB5-B9A1-92B590E3D306}.Debug|Any CPU.ActiveCfg = Debug|Any CPU
		{DFCD0144-2997-4AB5-B9A1-92B590E3D306}.Debug|Any CPU.Build.0 = Debug|Any CPU
		{DFCD0144-2997-4AB5-B9A1-92B590E3D306}.Release|Any CPU.ActiveCfg = Release|Any CPU
		{DFCD0144-2997-4AB5-B9A1-92B590E3D306}.Release|Any CPU.Build.0 = Release|Any CPU
		{98C1A231-5464-4A02-B049-410EC4AFD761}.Debug|Any CPU.ActiveCfg = Debug|Any CPU
		{98C1A231-5464-4A02-B049-410EC4AFD761}.Debug|Any CPU.Build.0 = Debug|Any CPU
		{98C1A231-5464-4A02-B049-410EC4AFD761}.Release|Any CPU.ActiveCfg = Release|Any CPU
		{98C1A231-5464-4A02-B049-410EC4AFD761}.Release|Any CPU.Build.0 = Release|Any CPU
		{9547E98C-EAB9-42C1-A5CF-24A3D9317035}.Debug|Any CPU.ActiveCfg = Debug|Any CPU
		{9547E98C-EAB9-42C1-A5CF-24A3D9317035}.Debug|Any CPU.Build.0 = Debug|Any CPU
		{9547E98C-EAB9-42C1-A5CF-24A3D9317035}.Release|Any CPU.ActiveCfg = Release|Any CPU
		{9547E98C-EAB9-42C1-A5CF-24A3D9317035}.Release|Any CPU.Build.0 = Release|Any CPU
	EndGlobalSection
	GlobalSection(SolutionProperties) = preSolution
		HideSolutionNode = FALSE
	EndGlobalSection
	GlobalSection(NestedProjects) = preSolution
		{8F1F77DE-1E77-4614-B629-2796ADE46FBE} = {8BF6AD9F-E76A-470C-A847-2725CA3913BD}
		{EADF3602-5F86-4860-BD92-343FFDECA820} = {8BF6AD9F-E76A-470C-A847-2725CA3913BD}
		{74CE6593-784E-4E85-A30E-D3FADCF636E4} = {8BF6AD9F-E76A-470C-A847-2725CA3913BD}
		{D83D363E-0339-4882-9C31-4DD5827B5638} = {8BF6AD9F-E76A-470C-A847-2725CA3913BD}
		{8A67BB83-EC7B-40FD-9BF4-9D62B9868C5B} = {4780E783-F332-4608-B5F5-E453C4916FC7}
		{8D6549D1-C9E7-40AF-9F2E-64487E62D4CA} = {8BF6AD9F-E76A-470C-A847-2725CA3913BD}
		{4780E783-F332-4608-B5F5-E453C4916FC7} = {EADF3602-5F86-4860-BD92-343FFDECA820}
		{7A805AE8-F79B-4B66-95AC-0C17C803F20C} = {EADF3602-5F86-4860-BD92-343FFDECA820}
		{1B043629-5D0E-43F0-99C5-8C0DD8BE6CAC} = {EADF3602-5F86-4860-BD92-343FFDECA820}
		{F0C764DF-E3A6-4E84-8213-CB7B9905D8E7} = {EADF3602-5F86-4860-BD92-343FFDECA820}
		{6A34520D-81C8-4D35-A34A-E2B25FEF1184} = {EADF3602-5F86-4860-BD92-343FFDECA820}
		{213BA73D-C460-41A7-9508-09A0D1EE3A7C} = {7A805AE8-F79B-4B66-95AC-0C17C803F20C}
		{B5AD2EF1-C723-42E5-A7CF-29400D7C859F} = {7A805AE8-F79B-4B66-95AC-0C17C803F20C}
		{23D62C23-7097-4EC9-A4B0-DA0F043BA7F1} = {F0C764DF-E3A6-4E84-8213-CB7B9905D8E7}
		{557A6B85-D46E-4496-8ACB-B1AA9F0548FD} = {1B043629-5D0E-43F0-99C5-8C0DD8BE6CAC}
		{E012FE93-30A0-4C8F-B9EB-8DFF169D50C9} = {6A34520D-81C8-4D35-A34A-E2B25FEF1184}
		{3E0F4BAF-DCB9-4C0B-A07E-089D64D36FD5} = {20256765-2EC8-4141-84FE-52234D50EB1D}
		{F1D1C45C-6EB8-475F-B59E-FA731D785597} = {8D6549D1-C9E7-40AF-9F2E-64487E62D4CA}
		{F84648E7-3E19-4311-8D6E-CE385F70E4D3} = {8D6549D1-C9E7-40AF-9F2E-64487E62D4CA}
		{9AA61560-AC33-47FB-B6F1-3D9332397574} = {8D6549D1-C9E7-40AF-9F2E-64487E62D4CA}
		{06634D54-C8A3-4A49-B58F-0F92E51CF265} = {EADF3602-5F86-4860-BD92-343FFDECA820}
		{686052AA-C8E6-4899-B3CF-9DD768214BFD} = {06634D54-C8A3-4A49-B58F-0F92E51CF265}
		{03A35184-31F3-49CB-B707-89AFF0DFABA9} = {74CE6593-784E-4E85-A30E-D3FADCF636E4}
		{BA452B13-3CAC-441F-8369-8F3F31A98F0D} = {74CE6593-784E-4E85-A30E-D3FADCF636E4}
		{CA05F417-EF2D-43AB-946E-96E01455094B} = {74CE6593-784E-4E85-A30E-D3FADCF636E4}
		{966523A0-31D6-49EF-A6DD-34A5694AB95C} = {74CE6593-784E-4E85-A30E-D3FADCF636E4}
		{6E2BDB42-C725-448C-B9D9-0191C585DEF7} = {03A35184-31F3-49CB-B707-89AFF0DFABA9}
		{7AF9CCAD-C68E-44F0-AC02-3C808EC47329} = {BA452B13-3CAC-441F-8369-8F3F31A98F0D}
		{11BA14A1-CCAE-4867-B6A7-91CD259FF18D} = {BA452B13-3CAC-441F-8369-8F3F31A98F0D}
		{E3E9A768-BEFB-45A2-BFF4-0762CDD52887} = {CA05F417-EF2D-43AB-946E-96E01455094B}
		{99864863-0DF7-4CB3-8861-1C94C0B7515F} = {966523A0-31D6-49EF-A6DD-34A5694AB95C}
		{4EB2952B-4365-4BD4-8245-F6898BD681EC} = {D83D363E-0339-4882-9C31-4DD5827B5638}
		{CC53C44E-93E3-47FF-B413-42566DCFE06E} = {D83D363E-0339-4882-9C31-4DD5827B5638}
		{E7CAC752-6D03-4E6F-9B63-F713B145A4A1} = {D83D363E-0339-4882-9C31-4DD5827B5638}
		{A41754A8-F2F4-4318-B1DA-AD859E953855} = {D83D363E-0339-4882-9C31-4DD5827B5638}
		{EEEE9FE0-265F-4496-B07F-3BE662815DBC} = {D83D363E-0339-4882-9C31-4DD5827B5638}
		{EA9E6E8B-21E9-4376-A3E4-E80755E16ABA} = {4EB2952B-4365-4BD4-8245-F6898BD681EC}
		{3D53DA2A-DD77-4A78-A221-4CFE52673E62} = {CC53C44E-93E3-47FF-B413-42566DCFE06E}
		{6F86A3F2-7694-4F1E-A222-17BEF5219666} = {CC53C44E-93E3-47FF-B413-42566DCFE06E}
		{8A7BB00B-7703-4D64-B5C1-DEFC36053732} = {CC53C44E-93E3-47FF-B413-42566DCFE06E}
		{437259AC-DE00-45ED-A9EE-E7724223612E} = {E7CAC752-6D03-4E6F-9B63-F713B145A4A1}
		{13EE9A19-7945-46BA-9CB0-A0F8A71D288D} = {A41754A8-F2F4-4318-B1DA-AD859E953855}
		{DFCD0144-2997-4AB5-B9A1-92B590E3D306} = {EEEE9FE0-265F-4496-B07F-3BE662815DBC}
		{39A4087A-C2D2-42E7-A607-51535899C106} = {EADF3602-5F86-4860-BD92-343FFDECA820}
		{98C1A231-5464-4A02-B049-410EC4AFD761} = {39A4087A-C2D2-42E7-A607-51535899C106}
		{9547E98C-EAB9-42C1-A5CF-24A3D9317035} = {20256765-2EC8-4141-84FE-52234D50EB1D}
	EndGlobalSection
	GlobalSection(ExtensibilityGlobals) = postSolution
		SolutionGuid = {AF465431-5009-43D8-B4C1-6CF6904A6630}
	EndGlobalSection
EndGlobal
