
Microsoft Visual Studio Solution File, Format Version 12.00
# Visual Studio Version 17
VisualStudioVersion = 17.4.33403.182
MinimumVisualStudioVersion = 10.0.40219.1
Project("{2150E333-8FDC-42A3-9474-1A3956D46DE8}") = "01. Clients", "01. Clients", "{B8927866-4CD7-4130-83B5-709C3BF4A66B}"
EndProject
Project("{2150E333-8FDC-42A3-9474-1A3956D46DE8}") = "02. Services", "02. Services", "{E012C6D0-CEEA-4617-A631-A31B99D8A257}"
EndProject
Project("{2150E333-8FDC-42A3-9474-1A3956D46DE8}") = "03. Services", "03. Services", "{8BF6AD9F-E76A-470C-A847-2725CA3913BD}"
EndProject
Project("{2150E333-8FDC-42A3-9474-1A3956D46DE8}") = "01. Identity", "01. Identity", "{8F1F77DE-1E77-4614-B629-2796ADE46FBE}"
EndProject
Project("{2150E333-8FDC-42A3-9474-1A3956D46DE8}") = "02. Catalog", "02. Catalog", "{EADF3602-5F86-4860-BD92-343FFDECA820}"
EndProject
Project("{2150E333-8FDC-42A3-9474-1A3956D46DE8}") = "03. Customer", "03. Customer", "{74CE6593-784E-4E85-A30E-D3FADCF636E4}"
EndProject
Project("{2150E333-8FDC-42A3-9474-1A3956D46DE8}") = "04. Order", "04. Order", "{D83D363E-0339-4882-9C31-4DD5827B5638}"
EndProject
Project("{FAE04EC0-301F-11D3-BF4B-00C04F79EFBC}") = "Catalog.Api", "src\Services\Catalog\Catalog.Api\Catalog.Api.csproj", "{8A67BB83-EC7B-40FD-9BF4-9D62B9868C5B}"
EndProject
Project("{2150E333-8FDC-42A3-9474-1A3956D46DE8}") = "04. Common", "04. Common", "{20256765-2EC8-4141-84FE-52234D50EB1D}"
EndProject
Project("{2150E333-8FDC-42A3-9474-1A3956D46DE8}") = "05. Common", "05. Common", "{8D6549D1-C9E7-40AF-9F2E-64487E62D4CA}"
EndProject
Project("{2150E333-8FDC-42A3-9474-1A3956D46DE8}") = "01.API", "01.API", "{4780E783-F332-4608-B5F5-E453C4916FC7}"
EndProject
Project("{2150E333-8FDC-42A3-9474-1A3956D46DE8}") = "02. Services", "02. Services", "{7A805AE8-F79B-4B66-95AC-0C17C803F20C}"
EndProject
Project("{2150E333-8FDC-42A3-9474-1A3956D46DE8}") = "04. Model", "04. Model", "{1B043629-5D0E-43F0-99C5-8C0DD8BE6CAC}"
EndProject
Project("{2150E333-8FDC-42A3-9474-1A3956D46DE8}") = "03. Persistence", "03. Persistence", "{F0C764DF-E3A6-4E84-8213-CB7B9905D8E7}"
EndProject
Project("{2150E333-8FDC-42A3-9474-1A3956D46DE8}") = "05. Common", "05. Common", "{6A34520D-81C8-4D35-A34A-E2B25FEF1184}"
EndProject
Project("{FAE04EC0-301F-11D3-BF4B-00C04F79EFBC}") = "Catalog.Service.EventHandlers", "src\Services\Catalog\Catalog.Service.EventHandlers\Catalog.Service.EventHandlers.csproj", "{213BA73D-C460-41A7-9508-09A0D1EE3A7C}"
EndProject
Project("{FAE04EC0-301F-11D3-BF4B-00C04F79EFBC}") = "Catalog.Service.Queries", "src\Services\Catalog\Catalog.Service.Queries\Catalog.Service.Queries.csproj", "{B5AD2EF1-C723-42E5-A7CF-29400D7C859F}"
EndProject
Project("{FAE04EC0-301F-11D3-BF4B-00C04F79EFBC}") = "Catalog.Persistence.Database", "src\Services\Catalog\Catalog.Persistence.Database\Catalog.Persistence.Database.csproj", "{23D62C23-7097-4EC9-A4B0-DA0F043BA7F1}"
EndProject
Project("{FAE04EC0-301F-11D3-BF4B-00C04F79EFBC}") = "Catalog.Domain", "src\Services\Catalog\Catalog.Domain\Catalog.Domain.csproj", "{557A6B85-D46E-4496-8ACB-B1AA9F0548FD}"
EndProject
Project("{FAE04EC0-301F-11D3-BF4B-00C04F79EFBC}") = "Catalog.Common", "src\Services\Catalog\Catalog.Common\Catalog.Common.csproj", "{E012FE93-30A0-4C8F-B9EB-8DFF169D50C9}"
EndProject
Project("{FAE04EC0-301F-11D3-BF4B-00C04F79EFBC}") = "Common.Logging", "src\Common\Common.Logging\Common.Logging.csproj", "{3E0F4BAF-DCB9-4C0B-A07E-089D64D36FD5}"
EndProject
Global
	GlobalSection(SolutionConfigurationPlatforms) = preSolution
		Debug|Any CPU = Debug|Any CPU
		Release|Any CPU = Release|Any CPU
	EndGlobalSection
	GlobalSection(ProjectConfigurationPlatforms) = postSolution
		{8A67BB83-EC7B-40FD-9BF4-9D62B9868C5B}.Debug|Any CPU.ActiveCfg = Debug|Any CPU
		{8A67BB83-EC7B-40FD-9BF4-9D62B9868C5B}.Debug|Any CPU.Build.0 = Debug|Any CPU
		{8A67BB83-EC7B-40FD-9BF4-9D62B9868C5B}.Release|Any CPU.ActiveCfg = Release|Any CPU
		{8A67BB83-EC7B-40FD-9BF4-9D62B9868C5B}.Release|Any CPU.Build.0 = Release|Any CPU
		{213BA73D-C460-41A7-9508-09A0D1EE3A7C}.Debug|Any CPU.ActiveCfg = Debug|Any CPU
		{213BA73D-C460-41A7-9508-09A0D1EE3A7C}.Debug|Any CPU.Build.0 = Debug|Any CPU
		{213BA73D-C460-41A7-9508-09A0D1EE3A7C}.Release|Any CPU.ActiveCfg = Release|Any CPU
		{213BA73D-C460-41A7-9508-09A0D1EE3A7C}.Release|Any CPU.Build.0 = Release|Any CPU
		{B5AD2EF1-C723-42E5-A7CF-29400D7C859F}.Debug|Any CPU.ActiveCfg = Debug|Any CPU
		{B5AD2EF1-C723-42E5-A7CF-29400D7C859F}.Debug|Any CPU.Build.0 = Debug|Any CPU
		{B5AD2EF1-C723-42E5-A7CF-29400D7C859F}.Release|Any CPU.ActiveCfg = Release|Any CPU
		{B5AD2EF1-C723-42E5-A7CF-29400D7C859F}.Release|Any CPU.Build.0 = Release|Any CPU
		{23D62C23-7097-4EC9-A4B0-DA0F043BA7F1}.Debug|Any CPU.ActiveCfg = Debug|Any CPU
		{23D62C23-7097-4EC9-A4B0-DA0F043BA7F1}.Debug|Any CPU.Build.0 = Debug|Any CPU
		{23D62C23-7097-4EC9-A4B0-DA0F043BA7F1}.Release|Any CPU.ActiveCfg = Release|Any CPU
		{23D62C23-7097-4EC9-A4B0-DA0F043BA7F1}.Release|Any CPU.Build.0 = Release|Any CPU
		{557A6B85-D46E-4496-8ACB-B1AA9F0548FD}.Debug|Any CPU.ActiveCfg = Debug|Any CPU
		{557A6B85-D46E-4496-8ACB-B1AA9F0548FD}.Debug|Any CPU.Build.0 = Debug|Any CPU
		{557A6B85-D46E-4496-8ACB-B1AA9F0548FD}.Release|Any CPU.ActiveCfg = Release|Any CPU
		{557A6B85-D46E-4496-8ACB-B1AA9F0548FD}.Release|Any CPU.Build.0 = Release|Any CPU
		{E012FE93-30A0-4C8F-B9EB-8DFF169D50C9}.Debug|Any CPU.ActiveCfg = Debug|Any CPU
		{E012FE93-30A0-4C8F-B9EB-8DFF169D50C9}.Debug|Any CPU.Build.0 = Debug|Any CPU
		{E012FE93-30A0-4C8F-B9EB-8DFF169D50C9}.Release|Any CPU.ActiveCfg = Release|Any CPU
		{E012FE93-30A0-4C8F-B9EB-8DFF169D50C9}.Release|Any CPU.Build.0 = Release|Any CPU
		{3E0F4BAF-DCB9-4C0B-A07E-089D64D36FD5}.Debug|Any CPU.ActiveCfg = Debug|Any CPU
		{3E0F4BAF-DCB9-4C0B-A07E-089D64D36FD5}.Debug|Any CPU.Build.0 = Debug|Any CPU
		{3E0F4BAF-DCB9-4C0B-A07E-089D64D36FD5}.Release|Any CPU.ActiveCfg = Release|Any CPU
		{3E0F4BAF-DCB9-4C0B-A07E-089D64D36FD5}.Release|Any CPU.Build.0 = Release|Any CPU
	EndGlobalSection
	GlobalSection(SolutionProperties) = preSolution
		HideSolutionNode = FALSE
	EndGlobalSection
	GlobalSection(NestedProjects) = preSolution
		{8F1F77DE-1E77-4614-B629-2796ADE46FBE} = {8BF6AD9F-E76A-470C-A847-2725CA3913BD}
		{EADF3602-5F86-4860-BD92-343FFDECA820} = {8BF6AD9F-E76A-470C-A847-2725CA3913BD}
		{74CE6593-784E-4E85-A30E-D3FADCF636E4} = {8BF6AD9F-E76A-470C-A847-2725CA3913BD}
		{D83D363E-0339-4882-9C31-4DD5827B5638} = {8BF6AD9F-E76A-470C-A847-2725CA3913BD}
		{8A67BB83-EC7B-40FD-9BF4-9D62B9868C5B} = {4780E783-F332-4608-B5F5-E453C4916FC7}
		{8D6549D1-C9E7-40AF-9F2E-64487E62D4CA} = {8BF6AD9F-E76A-470C-A847-2725CA3913BD}
		{4780E783-F332-4608-B5F5-E453C4916FC7} = {EADF3602-5F86-4860-BD92-343FFDECA820}
		{7A805AE8-F79B-4B66-95AC-0C17C803F20C} = {EADF3602-5F86-4860-BD92-343FFDECA820}
		{1B043629-5D0E-43F0-99C5-8C0DD8BE6CAC} = {EADF3602-5F86-4860-BD92-343FFDECA820}
		{F0C764DF-E3A6-4E84-8213-CB7B9905D8E7} = {EADF3602-5F86-4860-BD92-343FFDECA820}
		{6A34520D-81C8-4D35-A34A-E2B25FEF1184} = {EADF3602-5F86-4860-BD92-343FFDECA820}
		{213BA73D-C460-41A7-9508-09A0D1EE3A7C} = {7A805AE8-F79B-4B66-95AC-0C17C803F20C}
		{B5AD2EF1-C723-42E5-A7CF-29400D7C859F} = {7A805AE8-F79B-4B66-95AC-0C17C803F20C}
		{23D62C23-7097-4EC9-A4B0-DA0F043BA7F1} = {F0C764DF-E3A6-4E84-8213-CB7B9905D8E7}
		{557A6B85-D46E-4496-8ACB-B1AA9F0548FD} = {1B043629-5D0E-43F0-99C5-8C0DD8BE6CAC}
		{E012FE93-30A0-4C8F-B9EB-8DFF169D50C9} = {6A34520D-81C8-4D35-A34A-E2B25FEF1184}
		{3E0F4BAF-DCB9-4C0B-A07E-089D64D36FD5} = {20256765-2EC8-4141-84FE-52234D50EB1D}
	EndGlobalSection
	GlobalSection(ExtensibilityGlobals) = postSolution
		SolutionGuid = {AF465431-5009-43D8-B4C1-6CF6904A6630}
	EndGlobalSection
EndGlobal
